
Microsoft Visual Studio Solution File, Format Version 12.00
# Visual Studio Version 17
VisualStudioVersion = 17.9.34607.119
MinimumVisualStudioVersion = 10.0.40219.1
Project("{FAE04EC0-301F-11D3-BF4B-00C04F79EFBC}") = "desafio1_totito", "desafio1_totito\desafio1_totito.csproj", "{C79CCF75-AD19-426A-BBFA-74308E031DEB}"
EndProject
Global
	GlobalSection(SolutionConfigurationPlatforms) = preSolution
		Debug|Any CPU = Debug|Any CPU
		Release|Any CPU = Release|Any CPU
	EndGlobalSection
	GlobalSection(ProjectConfigurationPlatforms) = postSolution
		{C79CCF75-AD19-426A-BBFA-74308E031DEB}.Debug|Any CPU.ActiveCfg = Debug|Any CPU
		{C79CCF75-AD19-426A-BBFA-74308E031DEB}.Debug|Any CPU.Build.0 = Debug|Any CPU
		{C79CCF75-AD19-426A-BBFA-74308E031DEB}.Release|Any CPU.ActiveCfg = Release|Any CPU
		{C79CCF75-AD19-426A-BBFA-74308E031DEB}.Release|Any CPU.Build.0 = Release|Any CPU
	EndGlobalSection
	GlobalSection(SolutionProperties) = preSolution
		HideSolutionNode = FALSE
	EndGlobalSection
	GlobalSection(ExtensibilityGlobals) = postSolution
		SolutionGuid = {9A32393B-4F90-4CCC-9374-075E933E1257}
	EndGlobalSection
EndGlobal
